// !$*UTF8*$!
{
	archiveVersion = 1;
	classes = {
	};
	objectVersion = 50;
	objects = {

/* Begin PBXBuildFile section */
		6B53B7F42277F14F0006B904 /* AppDelegate.swift in Sources */ = {isa = PBXBuildFile; fileRef = 6B53B7F32277F14F0006B904 /* AppDelegate.swift */; };
		6B53B7F62277F14F0006B904 /* ViewController.swift in Sources */ = {isa = PBXBuildFile; fileRef = 6B53B7F52277F14F0006B904 /* ViewController.swift */; };
		6B53B7F92277F14F0006B904 /* Main.storyboard in Resources */ = {isa = PBXBuildFile; fileRef = 6B53B7F72277F14F0006B904 /* Main.storyboard */; };
		6B53B7FB2277F15C0006B904 /* Assets.xcassets in Resources */ = {isa = PBXBuildFile; fileRef = 6B53B7FA2277F15C0006B904 /* Assets.xcassets */; };
		6B53B7FE2277F15C0006B904 /* LaunchScreen.storyboard in Resources */ = {isa = PBXBuildFile; fileRef = 6B53B7FC2277F15C0006B904 /* LaunchScreen.storyboard */; };
		6B53B8092277F15C0006B904 /* ZQMentionTextViewDemoTests.swift in Sources */ = {isa = PBXBuildFile; fileRef = 6B53B8082277F15C0006B904 /* ZQMentionTextViewDemoTests.swift */; };
		6B53B8142277F15C0006B904 /* ZQMentionTextViewDemoUITests.swift in Sources */ = {isa = PBXBuildFile; fileRef = 6B53B8132277F15C0006B904 /* ZQMentionTextViewDemoUITests.swift */; };
/* End PBXBuildFile section */

/* Begin PBXContainerItemProxy section */
		6B53B8052277F15C0006B904 /* PBXContainerItemProxy */ = {
			isa = PBXContainerItemProxy;
			containerPortal = 6B53B7E82277F14F0006B904 /* Project object */;
			proxyType = 1;
			remoteGlobalIDString = 6B53B7EF2277F14F0006B904;
			remoteInfo = ZQMentionTextViewDemo;
		};
		6B53B8102277F15C0006B904 /* PBXContainerItemProxy */ = {
			isa = PBXContainerItemProxy;
			containerPortal = 6B53B7E82277F14F0006B904 /* Project object */;
			proxyType = 1;
			remoteGlobalIDString = 6B53B7EF2277F14F0006B904;
			remoteInfo = ZQMentionTextViewDemo;
		};
/* End PBXContainerItemProxy section */

/* Begin PBXFileReference section */
		6B53B7F02277F14F0006B904 /* ZQMentionTextViewDemo.app */ = {isa = PBXFileReference; explicitFileType = wrapper.application; includeInIndex = 0; path = ZQMentionTextViewDemo.app; sourceTree = BUILT_PRODUCTS_DIR; };
		6B53B7F32277F14F0006B904 /* AppDelegate.swift */ = {isa = PBXFileReference; lastKnownFileType = sourcecode.swift; path = AppDelegate.swift; sourceTree = "<group>"; };
		6B53B7F52277F14F0006B904 /* ViewController.swift */ = {isa = PBXFileReference; lastKnownFileType = sourcecode.swift; path = ViewController.swift; sourceTree = "<group>"; };
		6B53B7F82277F14F0006B904 /* Base */ = {isa = PBXFileReference; lastKnownFileType = file.storyboard; name = Base; path = Base.lproj/Main.storyboard; sourceTree = "<group>"; };
		6B53B7FA2277F15C0006B904 /* Assets.xcassets */ = {isa = PBXFileReference; lastKnownFileType = folder.assetcatalog; path = Assets.xcassets; sourceTree = "<group>"; };
		6B53B7FD2277F15C0006B904 /* Base */ = {isa = PBXFileReference; lastKnownFileType = file.storyboard; name = Base; path = Base.lproj/LaunchScreen.storyboard; sourceTree = "<group>"; };
		6B53B7FF2277F15C0006B904 /* Info.plist */ = {isa = PBXFileReference; lastKnownFileType = text.plist.xml; path = Info.plist; sourceTree = "<group>"; };
		6B53B8042277F15C0006B904 /* ZQMentionTextViewDemoTests.xctest */ = {isa = PBXFileReference; explicitFileType = wrapper.cfbundle; includeInIndex = 0; path = ZQMentionTextViewDemoTests.xctest; sourceTree = BUILT_PRODUCTS_DIR; };
		6B53B8082277F15C0006B904 /* ZQMentionTextViewDemoTests.swift */ = {isa = PBXFileReference; lastKnownFileType = sourcecode.swift; path = ZQMentionTextViewDemoTests.swift; sourceTree = "<group>"; };
		6B53B80A2277F15C0006B904 /* Info.plist */ = {isa = PBXFileReference; lastKnownFileType = text.plist.xml; path = Info.plist; sourceTree = "<group>"; };
		6B53B80F2277F15C0006B904 /* ZQMentionTextViewDemoUITests.xctest */ = {isa = PBXFileReference; explicitFileType = wrapper.cfbundle; includeInIndex = 0; path = ZQMentionTextViewDemoUITests.xctest; sourceTree = BUILT_PRODUCTS_DIR; };
		6B53B8132277F15C0006B904 /* ZQMentionTextViewDemoUITests.swift */ = {isa = PBXFileReference; lastKnownFileType = sourcecode.swift; path = ZQMentionTextViewDemoUITests.swift; sourceTree = "<group>"; };
		6B53B8152277F15C0006B904 /* Info.plist */ = {isa = PBXFileReference; lastKnownFileType = text.plist.xml; path = Info.plist; sourceTree = "<group>"; };
/* End PBXFileReference section */

/* Begin PBXFrameworksBuildPhase section */
		6B53B7ED2277F14F0006B904 /* Frameworks */ = {
			isa = PBXFrameworksBuildPhase;
			buildActionMask = 2147483647;
			files = (
			);
			runOnlyForDeploymentPostprocessing = 0;
		};
		6B53B8012277F15C0006B904 /* Frameworks */ = {
			isa = PBXFrameworksBuildPhase;
			buildActionMask = 2147483647;
			files = (
			);
			runOnlyForDeploymentPostprocessing = 0;
		};
		6B53B80C2277F15C0006B904 /* Frameworks */ = {
			isa = PBXFrameworksBuildPhase;
			buildActionMask = 2147483647;
			files = (
			);
			runOnlyForDeploymentPostprocessing = 0;
		};
/* End PBXFrameworksBuildPhase section */

/* Begin PBXGroup section */
		6B53B7E72277F14F0006B904 = {
			isa = PBXGroup;
			children = (
				6B53B7F22277F14F0006B904 /* ZQMentionTextViewDemo */,
				6B53B8072277F15C0006B904 /* ZQMentionTextViewDemoTests */,
				6B53B8122277F15C0006B904 /* ZQMentionTextViewDemoUITests */,
				6B53B7F12277F14F0006B904 /* Products */,
			);
			sourceTree = "<group>";
		};
		6B53B7F12277F14F0006B904 /* Products */ = {
			isa = PBXGroup;
			children = (
				6B53B7F02277F14F0006B904 /* ZQMentionTextViewDemo.app */,
				6B53B8042277F15C0006B904 /* ZQMentionTextViewDemoTests.xctest */,
				6B53B80F2277F15C0006B904 /* ZQMentionTextViewDemoUITests.xctest */,
			);
			name = Products;
			sourceTree = "<group>";
		};
		6B53B7F22277F14F0006B904 /* ZQMentionTextViewDemo */ = {
			isa = PBXGroup;
			children = (
				6B53B7F32277F14F0006B904 /* AppDelegate.swift */,
				6B53B7F52277F14F0006B904 /* ViewController.swift */,
				6B53B7F72277F14F0006B904 /* Main.storyboard */,
				6B53B7FA2277F15C0006B904 /* Assets.xcassets */,
				6B53B7FC2277F15C0006B904 /* LaunchScreen.storyboard */,
				6B53B7FF2277F15C0006B904 /* Info.plist */,
			);
			path = ZQMentionTextViewDemo;
			sourceTree = "<group>";
		};
		6B53B8072277F15C0006B904 /* ZQMentionTextViewDemoTests */ = {
			isa = PBXGroup;
			children = (
				6B53B8082277F15C0006B904 /* ZQMentionTextViewDemoTests.swift */,
				6B53B80A2277F15C0006B904 /* Info.plist */,
			);
			path = ZQMentionTextViewDemoTests;
			sourceTree = "<group>";
		};
		6B53B8122277F15C0006B904 /* ZQMentionTextViewDemoUITests */ = {
			isa = PBXGroup;
			children = (
				6B53B8132277F15C0006B904 /* ZQMentionTextViewDemoUITests.swift */,
				6B53B8152277F15C0006B904 /* Info.plist */,
			);
			path = ZQMentionTextViewDemoUITests;
			sourceTree = "<group>";
		};
/* End PBXGroup section */

/* Begin PBXNativeTarget section */
		6B53B7EF2277F14F0006B904 /* ZQMentionTextViewDemo */ = {
			isa = PBXNativeTarget;
			buildConfigurationList = 6B53B8182277F15C0006B904 /* Build configuration list for PBXNativeTarget "ZQMentionTextViewDemo" */;
			buildPhases = (
				6B53B7EC2277F14F0006B904 /* Sources */,
				6B53B7ED2277F14F0006B904 /* Frameworks */,
				6B53B7EE2277F14F0006B904 /* Resources */,
			);
			buildRules = (
			);
			dependencies = (
			);
			name = ZQMentionTextViewDemo;
			productName = ZQMentionTextViewDemo;
			productReference = 6B53B7F02277F14F0006B904 /* ZQMentionTextViewDemo.app */;
			productType = "com.apple.product-type.application";
		};
		6B53B8032277F15C0006B904 /* ZQMentionTextViewDemoTests */ = {
			isa = PBXNativeTarget;
			buildConfigurationList = 6B53B81B2277F15C0006B904 /* Build configuration list for PBXNativeTarget "ZQMentionTextViewDemoTests" */;
			buildPhases = (
				6B53B8002277F15C0006B904 /* Sources */,
				6B53B8012277F15C0006B904 /* Frameworks */,
				6B53B8022277F15C0006B904 /* Resources */,
			);
			buildRules = (
			);
			dependencies = (
				6B53B8062277F15C0006B904 /* PBXTargetDependency */,
			);
			name = ZQMentionTextViewDemoTests;
			productName = ZQMentionTextViewDemoTests;
			productReference = 6B53B8042277F15C0006B904 /* ZQMentionTextViewDemoTests.xctest */;
			productType = "com.apple.product-type.bundle.unit-test";
		};
		6B53B80E2277F15C0006B904 /* ZQMentionTextViewDemoUITests */ = {
			isa = PBXNativeTarget;
			buildConfigurationList = 6B53B81E2277F15C0006B904 /* Build configuration list for PBXNativeTarget "ZQMentionTextViewDemoUITests" */;
			buildPhases = (
				6B53B80B2277F15C0006B904 /* Sources */,
				6B53B80C2277F15C0006B904 /* Frameworks */,
				6B53B80D2277F15C0006B904 /* Resources */,
			);
			buildRules = (
			);
			dependencies = (
				6B53B8112277F15C0006B904 /* PBXTargetDependency */,
			);
			name = ZQMentionTextViewDemoUITests;
			productName = ZQMentionTextViewDemoUITests;
			productReference = 6B53B80F2277F15C0006B904 /* ZQMentionTextViewDemoUITests.xctest */;
			productType = "com.apple.product-type.bundle.ui-testing";
		};
/* End PBXNativeTarget section */

/* Begin PBXProject section */
		6B53B7E82277F14F0006B904 /* Project object */ = {
			isa = PBXProject;
			attributes = {
				LastSwiftUpdateCheck = 1020;
				LastUpgradeCheck = 1020;
				ORGANIZATIONNAME = CZQ;
				TargetAttributes = {
					6B53B7EF2277F14F0006B904 = {
						CreatedOnToolsVersion = 10.2;
					};
					6B53B8032277F15C0006B904 = {
						CreatedOnToolsVersion = 10.2;
						TestTargetID = 6B53B7EF2277F14F0006B904;
					};
					6B53B80E2277F15C0006B904 = {
						CreatedOnToolsVersion = 10.2;
						TestTargetID = 6B53B7EF2277F14F0006B904;
					};
				};
			};
			buildConfigurationList = 6B53B7EB2277F14F0006B904 /* Build configuration list for PBXProject "ZQMentionTextViewDemo" */;
			compatibilityVersion = "Xcode 9.3";
			developmentRegion = en;
			hasScannedForEncodings = 0;
			knownRegions = (
				en,
				Base,
			);
			mainGroup = 6B53B7E72277F14F0006B904;
			productRefGroup = 6B53B7F12277F14F0006B904 /* Products */;
			projectDirPath = "";
			projectRoot = "";
			targets = (
				6B53B7EF2277F14F0006B904 /* ZQMentionTextViewDemo */,
				6B53B8032277F15C0006B904 /* ZQMentionTextViewDemoTests */,
				6B53B80E2277F15C0006B904 /* ZQMentionTextViewDemoUITests */,
			);
		};
/* End PBXProject section */

/* Begin PBXResourcesBuildPhase section */
		6B53B7EE2277F14F0006B904 /* Resources */ = {
			isa = PBXResourcesBuildPhase;
			buildActionMask = 2147483647;
			files = (
				6B53B7FE2277F15C0006B904 /* LaunchScreen.storyboard in Resources */,
				6B53B7FB2277F15C0006B904 /* Assets.xcassets in Resources */,
				6B53B7F92277F14F0006B904 /* Main.storyboard in Resources */,
			);
			runOnlyForDeploymentPostprocessing = 0;
		};
		6B53B8022277F15C0006B904 /* Resources */ = {
			isa = PBXResourcesBuildPhase;
			buildActionMask = 2147483647;
			files = (
			);
			runOnlyForDeploymentPostprocessing = 0;
		};
		6B53B80D2277F15C0006B904 /* Resources */ = {
			isa = PBXResourcesBuildPhase;
			buildActionMask = 2147483647;
			files = (
			);
			runOnlyForDeploymentPostprocessing = 0;
		};
/* End PBXResourcesBuildPhase section */

/* Begin PBXSourcesBuildPhase section */
		6B53B7EC2277F14F0006B904 /* Sources */ = {
			isa = PBXSourcesBuildPhase;
			buildActionMask = 2147483647;
			files = (
				6B53B7F62277F14F0006B904 /* ViewController.swift in Sources */,
				6B53B7F42277F14F0006B904 /* AppDelegate.swift in Sources */,
			);
			runOnlyForDeploymentPostprocessing = 0;
		};
		6B53B8002277F15C0006B904 /* Sources */ = {
			isa = PBXSourcesBuildPhase;
			buildActionMask = 2147483647;
			files = (
				6B53B8092277F15C0006B904 /* ZQMentionTextViewDemoTests.swift in Sources */,
			);
			runOnlyForDeploymentPostprocessing = 0;
		};
		6B53B80B2277F15C0006B904 /* Sources */ = {
			isa = PBXSourcesBuildPhase;
			buildActionMask = 2147483647;
			files = (
				6B53B8142277F15C0006B904 /* ZQMentionTextViewDemoUITests.swift in Sources */,
			);
			runOnlyForDeploymentPostprocessing = 0;
		};
/* End PBXSourcesBuildPhase section */

/* Begin PBXTargetDependency section */
		6B53B8062277F15C0006B904 /* PBXTargetDependency */ = {
			isa = PBXTargetDependency;
			target = 6B53B7EF2277F14F0006B904 /* ZQMentionTextViewDemo */;
			targetProxy = 6B53B8052277F15C0006B904 /* PBXContainerItemProxy */;
		};
		6B53B8112277F15C0006B904 /* PBXTargetDependency */ = {
			isa = PBXTargetDependency;
			target = 6B53B7EF2277F14F0006B904 /* ZQMentionTextViewDemo */;
			targetProxy = 6B53B8102277F15C0006B904 /* PBXContainerItemProxy */;
		};
/* End PBXTargetDependency section */

/* Begin PBXVariantGroup section */
		6B53B7F72277F14F0006B904 /* Main.storyboard */ = {
			isa = PBXVariantGroup;
			children = (
				6B53B7F82277F14F0006B904 /* Base */,
			);
			name = Main.storyboard;
			sourceTree = "<group>";
		};
		6B53B7FC2277F15C0006B904 /* LaunchScreen.storyboard */ = {
			isa = PBXVariantGroup;
			children = (
				6B53B7FD2277F15C0006B904 /* Base */,
			);
			name = LaunchScreen.storyboard;
			sourceTree = "<group>";
		};
/* End PBXVariantGroup section */

/* Begin XCBuildConfiguration section */
		6B53B8162277F15C0006B904 /* Debug */ = {
			isa = XCBuildConfiguration;
			buildSettings = {
				ALWAYS_SEARCH_USER_PATHS = NO;
				CLANG_ANALYZER_NONNULL = YES;
				CLANG_ANALYZER_NUMBER_OBJECT_CONVERSION = YES_AGGRESSIVE;
				CLANG_CXX_LANGUAGE_STANDARD = "gnu++14";
				CLANG_CXX_LIBRARY = "libc++";
				CLANG_ENABLE_MODULES = YES;
				CLANG_ENABLE_OBJC_ARC = YES;
				CLANG_ENABLE_OBJC_WEAK = YES;
				CLANG_WARN_BLOCK_CAPTURE_AUTORELEASING = YES;
				CLANG_WARN_BOOL_CONVERSION = YES;
				CLANG_WARN_COMMA = YES;
				CLANG_WARN_CONSTANT_CONVERSION = YES;
				CLANG_WARN_DEPRECATED_OBJC_IMPLEMENTATIONS = YES;
				CLANG_WARN_DIRECT_OBJC_ISA_USAGE = YES_ERROR;
				CLANG_WARN_DOCUMENTATION_COMMENTS = YES;
				CLANG_WARN_EMPTY_BODY = YES;
				CLANG_WARN_ENUM_CONVERSION = YES;
				CLANG_WARN_INFINITE_RECURSION = YES;
				CLANG_WARN_INT_CONVERSION = YES;
				CLANG_WARN_NON_LITERAL_NULL_CONVERSION = YES;
				CLANG_WARN_OBJC_IMPLICIT_RETAIN_SELF = YES;
				CLANG_WARN_OBJC_LITERAL_CONVERSION = YES;
				CLANG_WARN_OBJC_ROOT_CLASS = YES_ERROR;
				CLANG_WARN_RANGE_LOOP_ANALYSIS = YES;
				CLANG_WARN_STRICT_PROTOTYPES = YES;
				CLANG_WARN_SUSPICIOUS_MOVE = YES;
				CLANG_WARN_UNGUARDED_AVAILABILITY = YES_AGGRESSIVE;
				CLANG_WARN_UNREACHABLE_CODE = YES;
				CLANG_WARN__DUPLICATE_METHOD_MATCH = YES;
				CODE_SIGN_IDENTITY = "iPhone Developer";
				COPY_PHASE_STRIP = NO;
				DEBUG_INFORMATION_FORMAT = dwarf;
				ENABLE_STRICT_OBJC_MSGSEND = YES;
				ENABLE_TESTABILITY = YES;
				GCC_C_LANGUAGE_STANDARD = gnu11;
				GCC_DYNAMIC_NO_PIC = NO;
				GCC_NO_COMMON_BLOCKS = YES;
				GCC_OPTIMIZATION_LEVEL = 0;
				GCC_PREPROCESSOR_DEFINITIONS = (
					"DEBUG=1",
					"$(inherited)",
				);
				GCC_WARN_64_TO_32_BIT_CONVERSION = YES;
				GCC_WARN_ABOUT_RETURN_TYPE = YES_ERROR;
				GCC_WARN_UNDECLARED_SELECTOR = YES;
				GCC_WARN_UNINITIALIZED_AUTOS = YES_AGGRESSIVE;
				GCC_WARN_UNUSED_FUNCTION = YES;
				GCC_WARN_UNUSED_VARIABLE = YES;
				IPHONEOS_DEPLOYMENT_TARGET = 12.2;
				MTL_ENABLE_DEBUG_INFO = INCLUDE_SOURCE;
				MTL_FAST_MATH = YES;
				ONLY_ACTIVE_ARCH = YES;
				SDKROOT = iphoneos;
				SWIFT_ACTIVE_COMPILATION_CONDITIONS = DEBUG;
				SWIFT_OPTIMIZATION_LEVEL = "-Onone";
			};
			name = Debug;
		};
		6B53B8172277F15C0006B904 /* Release */ = {
			isa = XCBuildConfiguration;
			buildSettings = {
				ALWAYS_SEARCH_USER_PATHS = NO;
				CLANG_ANALYZER_NONNULL = YES;
				CLANG_ANALYZER_NUMBER_OBJECT_CONVERSION = YES_AGGRESSIVE;
				CLANG_CXX_LANGUAGE_STANDARD = "gnu++14";
				CLANG_CXX_LIBRARY = "libc++";
				CLANG_ENABLE_MODULES = YES;
				CLANG_ENABLE_OBJC_ARC = YES;
				CLANG_ENABLE_OBJC_WEAK = YES;
				CLANG_WARN_BLOCK_CAPTURE_AUTORELEASING = YES;
				CLANG_WARN_BOOL_CONVERSION = YES;
				CLANG_WARN_COMMA = YES;
				CLANG_WARN_CONSTANT_CONVERSION = YES;
				CLANG_WARN_DEPRECATED_OBJC_IMPLEMENTATIONS = YES;
				CLANG_WARN_DIRECT_OBJC_ISA_USAGE = YES_ERROR;
				CLANG_WARN_DOCUMENTATION_COMMENTS = YES;
				CLANG_WARN_EMPTY_BODY = YES;
				CLANG_WARN_ENUM_CONVERSION = YES;
				CLANG_WARN_INFINITE_RECURSION = YES;
				CLANG_WARN_INT_CONVERSION = YES;
				CLANG_WARN_NON_LITERAL_NULL_CONVERSION = YES;
				CLANG_WARN_OBJC_IMPLICIT_RETAIN_SELF = YES;
				CLANG_WARN_OBJC_LITERAL_CONVERSION = YES;
				CLANG_WARN_OBJC_ROOT_CLASS = YES_ERROR;
				CLANG_WARN_RANGE_LOOP_ANALYSIS = YES;
				CLANG_WARN_STRICT_PROTOTYPES = YES;
				CLANG_WARN_SUSPICIOUS_MOVE = YES;
				CLANG_WARN_UNGUARDED_AVAILABILITY = YES_AGGRESSIVE;
				CLANG_WARN_UNREACHABLE_CODE = YES;
				CLANG_WARN__DUPLICATE_METHOD_MATCH = YES;
				CODE_SIGN_IDENTITY = "iPhone Developer";
				COPY_PHASE_STRIP = NO;
				DEBUG_INFORMATION_FORMAT = "dwarf-with-dsym";
				ENABLE_NS_ASSERTIONS = NO;
				ENABLE_STRICT_OBJC_MSGSEND = YES;
				GCC_C_LANGUAGE_STANDARD = gnu11;
				GCC_NO_COMMON_BLOCKS = YES;
				GCC_WARN_64_TO_32_BIT_CONVERSION = YES;
				GCC_WARN_ABOUT_RETURN_TYPE = YES_ERROR;
				GCC_WARN_UNDECLARED_SELECTOR = YES;
				GCC_WARN_UNINITIALIZED_AUTOS = YES_AGGRESSIVE;
				GCC_WARN_UNUSED_FUNCTION = YES;
				GCC_WARN_UNUSED_VARIABLE = YES;
				IPHONEOS_DEPLOYMENT_TARGET = 12.2;
				MTL_ENABLE_DEBUG_INFO = NO;
				MTL_FAST_MATH = YES;
				SDKROOT = iphoneos;
				SWIFT_COMPILATION_MODE = wholemodule;
				SWIFT_OPTIMIZATION_LEVEL = "-O";
				VALIDATE_PRODUCT = YES;
			};
			name = Release;
		};
		6B53B8192277F15C0006B904 /* Debug */ = {
			isa = XCBuildConfiguration;
			buildSettings = {
				ASSETCATALOG_COMPILER_APPICON_NAME = AppIcon;
				CODE_SIGN_STYLE = Automatic;
				INFOPLIST_FILE = ZQMentionTextViewDemo/Info.plist;
				LD_RUNPATH_SEARCH_PATHS = (
					"$(inherited)",
					"@executable_path/Frameworks",
				);
				PRODUCT_BUNDLE_IDENTIFIER = CZQ.ZQMentionTextViewDemo;
				PRODUCT_NAME = "$(TARGET_NAME)";
				SWIFT_VERSION = 5.0;
				TARGETED_DEVICE_FAMILY = "1,2";
			};
			name = Debug;
		};
		6B53B81A2277F15C0006B904 /* Release */ = {
			isa = XCBuildConfiguration;
			buildSettings = {
				ASSETCATALOG_COMPILER_APPICON_NAME = AppIcon;
				CODE_SIGN_STYLE = Automatic;
				INFOPLIST_FILE = ZQMentionTextViewDemo/Info.plist;
				LD_RUNPATH_SEARCH_PATHS = (
					"$(inherited)",
					"@executable_path/Frameworks",
				);
				PRODUCT_BUNDLE_IDENTIFIER = CZQ.ZQMentionTextViewDemo;
				PRODUCT_NAME = "$(TARGET_NAME)";
				SWIFT_VERSION = 5.0;
				TARGETED_DEVICE_FAMILY = "1,2";
			};
			name = Release;
		};
		6B53B81C2277F15C0006B904 /* Debug */ = {
			isa = XCBuildConfiguration;
			buildSettings = {
				ALWAYS_EMBED_SWIFT_STANDARD_LIBRARIES = YES;
				BUNDLE_LOADER = "$(TEST_HOST)";
				CODE_SIGN_STYLE = Automatic;
				INFOPLIST_FILE = ZQMentionTextViewDemoTests/Info.plist;
				LD_RUNPATH_SEARCH_PATHS = (
					"$(inherited)",
					"@executable_path/Frameworks",
					"@loader_path/Frameworks",
				);
				PRODUCT_BUNDLE_IDENTIFIER = CZQ.ZQMentionTextViewDemoTests;
				PRODUCT_NAME = "$(TARGET_NAME)";
				SWIFT_VERSION = 5.0;
				TARGETED_DEVICE_FAMILY = "1,2";
				TEST_HOST = "$(BUILT_PRODUCTS_DIR)/ZQMentionTextViewDemo.app/ZQMentionTextViewDemo";
			};
			name = Debug;
		};
		6B53B81D2277F15C0006B904 /* Release */ = {
			isa = XCBuildConfiguration;
			buildSettings = {
				ALWAYS_EMBED_SWIFT_STANDARD_LIBRARIES = YES;
				BUNDLE_LOADER = "$(TEST_HOST)";
				CODE_SIGN_STYLE = Automatic;
				INFOPLIST_FILE = ZQMentionTextViewDemoTests/Info.plist;
				LD_RUNPATH_SEARCH_PATHS = (
					"$(inherited)",
					"@executable_path/Frameworks",
					"@loader_path/Frameworks",
				);
				PRODUCT_BUNDLE_IDENTIFIER = CZQ.ZQMentionTextViewDemoTests;
				PRODUCT_NAME = "$(TARGET_NAME)";
				SWIFT_VERSION = 5.0;
				TARGETED_DEVICE_FAMILY = "1,2";
				TEST_HOST = "$(BUILT_PRODUCTS_DIR)/ZQMentionTextViewDemo.app/ZQMentionTextViewDemo";
			};
			name = Release;
		};
		6B53B81F2277F15C0006B904 /* Debug */ = {
			isa = XCBuildConfiguration;
			buildSettings = {
				ALWAYS_EMBED_SWIFT_STANDARD_LIBRARIES = YES;
				CODE_SIGN_STYLE = Automatic;
				INFOPLIST_FILE = ZQMentionTextViewDemoUITests/Info.plist;
				LD_RUNPATH_SEARCH_PATHS = (
					"$(inherited)",
					"@executable_path/Frameworks",
					"@loader_path/Frameworks",
				);
				PRODUCT_BUNDLE_IDENTIFIER = CZQ.ZQMentionTextViewDemoUITests;
				PRODUCT_NAME = "$(TARGET_NAME)";
				SWIFT_VERSION = 5.0;
				TARGETED_DEVICE_FAMILY = "1,2";
				TEST_TARGET_NAME = ZQMentionTextViewDemo;
			};
			name = Debug;
		};
		6B53B8202277F15C0006B904 /* Release */ = {
			isa = XCBuildConfiguration;
			buildSettings = {
				ALWAYS_EMBED_SWIFT_STANDARD_LIBRARIES = YES;
				CODE_SIGN_STYLE = Automatic;
				INFOPLIST_FILE = ZQMentionTextViewDemoUITests/Info.plist;
				LD_RUNPATH_SEARCH_PATHS = (
					"$(inherited)",
					"@executable_path/Frameworks",
					"@loader_path/Frameworks",
				);
				PRODUCT_BUNDLE_IDENTIFIER = CZQ.ZQMentionTextViewDemoUITests;
				PRODUCT_NAME = "$(TARGET_NAME)";
				SWIFT_VERSION = 5.0;
				TARGETED_DEVICE_FAMILY = "1,2";
				TEST_TARGET_NAME = ZQMentionTextViewDemo;
			};
			name = Release;
		};
/* End XCBuildConfiguration section */

/* Begin XCConfigurationList section */
		6B53B7EB2277F14F0006B904 /* Build configuration list for PBXProject "ZQMentionTextViewDemo" */ = {
			isa = XCConfigurationList;
			buildConfigurations = (
				6B53B8162277F15C0006B904 /* Debug */,
				6B53B8172277F15C0006B904 /* Release */,
			);
			defaultConfigurationIsVisible = 0;
			defaultConfigurationName = Release;
		};
		6B53B8182277F15C0006B904 /* Build configuration list for PBXNativeTarget "ZQMentionTextViewDemo" */ = {
			isa = XCConfigurationList;
			buildConfigurations = (
				6B53B8192277F15C0006B904 /* Debug */,
				6B53B81A2277F15C0006B904 /* Release */,
			);
			defaultConfigurationIsVisible = 0;
			defaultConfigurationName = Release;
		};
		6B53B81B2277F15C0006B904 /* Build configuration list for PBXNativeTarget "ZQMentionTextViewDemoTests" */ = {
			isa = XCConfigurationList;
			buildConfigurations = (
				6B53B81C2277F15C0006B904 /* Debug */,
				6B53B81D2277F15C0006B904 /* Release */,
			);
			defaultConfigurationIsVisible = 0;
			defaultConfigurationName = Release;
		};
		6B53B81E2277F15C0006B904 /* Build configuration list for PBXNativeTarget "ZQMentionTextViewDemoUITests" */ = {
			isa = XCConfigurationList;
			buildConfigurations = (
				6B53B81F2277F15C0006B904 /* Debug */,
				6B53B8202277F15C0006B904 /* Release */,
			);
			defaultConfigurationIsVisible = 0;
			defaultConfigurationName = Release;
		};
/* End XCConfigurationList section */
	};
	rootObject = 6B53B7E82277F14F0006B904 /* Project object */;
}
